
Microsoft Visual Studio Solution File, Format Version 12.00
# Visual Studio Version 16
VisualStudioVersion = 16.0.29102.190
MinimumVisualStudioVersion = 10.0.40219.1
Project("{FAE04EC0-301F-11D3-BF4B-00C04F79EFBC}") = "wearther_desktop", "wearther_desktop\wearther_desktop.csproj", "{EDFAA9C3-63B8-4942-8A7C-E38A4EDB3076}"
EndProject
Global
	GlobalSection(SolutionConfigurationPlatforms) = preSolution
		Debug|Any CPU = Debug|Any CPU
		Release|Any CPU = Release|Any CPU
	EndGlobalSection
	GlobalSection(ProjectConfigurationPlatforms) = postSolution
		{EDFAA9C3-63B8-4942-8A7C-E38A4EDB3076}.Debug|Any CPU.ActiveCfg = Debug|Any CPU
		{EDFAA9C3-63B8-4942-8A7C-E38A4EDB3076}.Debug|Any CPU.Build.0 = Debug|Any CPU
		{EDFAA9C3-63B8-4942-8A7C-E38A4EDB3076}.Release|Any CPU.ActiveCfg = Release|Any CPU
		{EDFAA9C3-63B8-4942-8A7C-E38A4EDB3076}.Release|Any CPU.Build.0 = Release|Any CPU
	EndGlobalSection
	GlobalSection(SolutionProperties) = preSolution
		HideSolutionNode = FALSE
	EndGlobalSection
	GlobalSection(ExtensibilityGlobals) = postSolution
		SolutionGuid = {84C7849C-1CE4-4DD8-AC9F-DC5436AA7137}
	EndGlobalSection
EndGlobal
